
Microsoft Visual Studio Solution File, Format Version 12.00
# Visual Studio Version 17
VisualStudioVersion = 17.7.34009.444
MinimumVisualStudioVersion = 10.0.40219.1
Project("{2150E333-8FDC-42A3-9474-1A3956D46DE8}") = "03 Databases", "03 Databases", "{2C57D956-E12A-4440-BAE4-4E7BC5B63841}"
EndProject
Project("{2150E333-8FDC-42A3-9474-1A3956D46DE8}") = "02 Libraries", "02 Libraries", "{D27FFF87-48F0-412F-949D-3780DAF08D2D}"
EndProject
Project("{2150E333-8FDC-42A3-9474-1A3956D46DE8}") = "04 BE Codes", "04 BE Codes", "{4A130EEF-F662-44E9-9218-B4C6F0086E2B}"
EndProject
Project("{2150E333-8FDC-42A3-9474-1A3956D46DE8}") = "Auth Services", "Auth Services", "{B9560A8D-2938-409A-8743-F38F9E9693A8}"
EndProject
Project("{2150E333-8FDC-42A3-9474-1A3956D46DE8}") = "HR Services", "HR Services", "{149B6EE1-DFE5-4136-9508-1C88646D73EB}"
EndProject
Project("{9A19103F-16F7-4668-BE54-9A1E7A4F7556}") = "FptUni.BpHostpital.HR.Utils", "04 BE Codes\HR Services\FptUni.BpHostpital.HR.Utils\FptUni.BpHostpital.HR.Utils.csproj", "{B8E28178-9447-4452-9582-A8148B4189D5}"
EndProject
Project("{9A19103F-16F7-4668-BE54-9A1E7A4F7556}") = "FptUni.BpHostpital.HR.Repositories", "04 BE Codes\HR Services\FptUni.BpHostpital.HR.Repositories\FptUni.BpHostpital.HR.Repositories.csproj", "{A10AC18E-BD1F-4487-9DF6-1006B2945C05}"
EndProject
Project("{9A19103F-16F7-4668-BE54-9A1E7A4F7556}") = "FptUni.BpHostpital.HR.Services", "04 BE Codes\HR Services\FptUni.BpHostpital.HR.Services\FptUni.BpHostpital.HR.Services.csproj", "{246944F7-396E-48A4-8D1F-5201C2DB8FE1}"
EndProject
Project("{9A19103F-16F7-4668-BE54-9A1E7A4F7556}") = "FptUni.BpHostpital.HR.WebApiHost", "04 BE Codes\HR Services\FptUni.BpHostpital.HR.WebApiHost\FptUni.BpHostpital.HR.WebApiHost.csproj", "{878EA307-411A-4B47-9431-041AB5E703A2}"
EndProject
Project("{9A19103F-16F7-4668-BE54-9A1E7A4F7556}") = "FptUni.BpHostpital.Auth.Services", "04 BE Codes\Auth Services\FptUni.BpHostpital.Auth.Services\FptUni.BpHostpital.Auth.Services.csproj", "{D64A85DD-D65F-4B88-B670-5263E555A16A}"
EndProject
Project("{9A19103F-16F7-4668-BE54-9A1E7A4F7556}") = "FptUni.BpHostpital.Auth.Utils", "04 BE Codes\Auth Services\FptUni.BpHostpital.Auth.Utils\FptUni.BpHostpital.Auth.Utils.csproj", "{01D87C90-4953-4C77-9599-D626FA16BEC8}"
EndProject
Project("{9A19103F-16F7-4668-BE54-9A1E7A4F7556}") = "FptUni.BpHostpital.Auth.WebApiHost", "04 BE Codes\Auth Services\FptUni.BpHostpital.Auth.WebApiHost\FptUni.BpHostpital.Auth.WebApiHost.csproj", "{7267BC10-ADFD-41B7-B20B-F6864C2866B2}"
EndProject
Project("{9A19103F-16F7-4668-BE54-9A1E7A4F7556}") = "FptUni.BpHostpital.Auth.Repositories", "04 BE Codes\Auth Services\FptUni.BpHostpital.Auth.Repositories\FptUni.BpHostpital.Auth.Repositories.csproj", "{E6940908-18F1-4A34-976D-3F4F1B70302A}"
EndProject
Project("{2150E333-8FDC-42A3-9474-1A3956D46DE8}") = "01 Entity Providers", "01 Entity Providers", "{1145202C-5914-42B6-B84C-17A20E086637}"
EndProject
Project("{2150E333-8FDC-42A3-9474-1A3956D46DE8}") = "02 Repositories", "02 Repositories", "{051841A6-9EF4-4D5B-96A5-49A8463DA106}"
EndProject
Project("{2150E333-8FDC-42A3-9474-1A3956D46DE8}") = "03 Services", "03 Services", "{1E3B31B4-321F-43BA-B28E-A99E1B6AEF5B}"
EndProject
Project("{2150E333-8FDC-42A3-9474-1A3956D46DE8}") = "04 WebApi Providers", "04 WebApi Providers", "{5038D410-5952-40E1-8159-3F945362C040}"
EndProject
Project("{2150E333-8FDC-42A3-9474-1A3956D46DE8}") = "05 HttpClient Providers", "05 HttpClient Providers", "{74718DE1-13DF-4147-9698-0B5E916E5E16}"
EndProject
Project("{9A19103F-16F7-4668-BE54-9A1E7A4F7556}") = "ShareLibrary.EntityProviders", "02 Libraries\01 Entity Providers\ShareLibrary.EntityProviders\ShareLibrary.EntityProviders.csproj", "{649CC26C-1D28-4233-B853-28CCFC19FA84}"
EndProject
Project("{9A19103F-16F7-4668-BE54-9A1E7A4F7556}") = "ShareLibrary.WebApiProviders", "02 Libraries\04 WebApi Providers\ShareLibrary.WebApiProviders\ShareLibrary.WebApiProviders.csproj", "{E931FA59-B76F-4B20-9535-63CE5722613A}"
EndProject
Project("{9A19103F-16F7-4668-BE54-9A1E7A4F7556}") = "ShareLibrary.HttpClientProviders", "02 Libraries\05 HttpClient Providers\ShareLibrary.HttpClientProviders\ShareLibrary.HttpClientProviders.csproj", "{21A1542E-1F63-48F6-A3E3-51FE6CED4AE2}"
EndProject
Project("{9A19103F-16F7-4668-BE54-9A1E7A4F7556}") = "ShareLibrary.Repositories", "02 Libraries\02 Repositories\ShareLibrary.Repositories\ShareLibrary.Repositories.csproj", "{CCFB789D-4C97-49A7-BEFC-0118340A031E}"
EndProject
Project("{9A19103F-16F7-4668-BE54-9A1E7A4F7556}") = "ShareLibrary.Services", "02 Libraries\03 Services\ShareLibrary.Services\ShareLibrary.Services.csproj", "{E41AF4C0-9B22-4903-8D00-DE1C15888394}"
EndProject
Project("{2150E333-8FDC-42A3-9474-1A3956D46DE8}") = "Medicine Services", "Medicine Services", "{54C5470A-6364-4F0F-A310-834B3F17F795}"
EndProject
Project("{2150E333-8FDC-42A3-9474-1A3956D46DE8}") = "06 Blazor FE Codes", "06 Blazor FE Codes", "{331DCE19-F7CB-44DE-977C-AD8B9639742F}"
EndProject
Project("{9A19103F-16F7-4668-BE54-9A1E7A4F7556}") = "FptUni.BpHospital.BlazorFE", "06 Blazor FE Codes\FptUni.BpHospital.BlazorFE\FptUni.BpHospital.BlazorFE.csproj", "{D58FE1AB-4096-4D5A-8FDC-267B90D544E7}"
EndProject
Project("{9A19103F-16F7-4668-BE54-9A1E7A4F7556}") = "FptUni.BpHospital.Common.DTOs", "04 BE Codes\FptUni.BpHospital.Common.DTOs\FptUni.BpHospital.Common.DTOs.csproj", "{B3A79E53-B658-42EE-99B2-502363CA83C0}"
EndProject
Project("{2150E333-8FDC-42A3-9474-1A3956D46DE8}") = "HttpClient Providers", "HttpClient Providers", "{754AC26B-0B64-402E-B3C8-1452D96AB964}"
EndProject
Project("{9A19103F-16F7-4668-BE54-9A1E7A4F7556}") = "FptUni.BpHospital.HttpClientProviders", "06 Blazor FE Codes\HttpClient Providers\FptUni.BpHospital.HttpClientProviders\FptUni.BpHospital.HttpClientProviders.csproj", "{730D6007-8F38-4AD8-8C5E-7CDD4668ADFB}"
EndProject
Project("{9A19103F-16F7-4668-BE54-9A1E7A4F7556}") = "FptUni.BpHostpital.Medicine.Repositories", "04 BE Codes\Medicine Services\FptUni.BpHostpital.Medicine.Repositories\FptUni.BpHostpital.Medicine.Repositories.csproj", "{5AC6C483-B3CB-46F1-9960-3CB6128679F0}"
EndProject
Project("{9A19103F-16F7-4668-BE54-9A1E7A4F7556}") = "FptUni.BpHostpital.Medicine.Utils", "04 BE Codes\Medicine Services\FptUni.BpHostpital.Medicine.Utils\FptUni.BpHostpital.Medicine.Utils.csproj", "{A21F91A3-6F90-46E3-8B3C-1ECEFB57A81E}"
EndProject
Project("{9A19103F-16F7-4668-BE54-9A1E7A4F7556}") = "FptUni.BpHostpital.Medicine.Services", "04 BE Codes\Medicine Services\FptUni.BpHostpital.Medicine.Services\FptUni.BpHostpital.Medicine.Services.csproj", "{C9AE4EAD-9E89-4805-9DAC-531CB2FCDA31}"
EndProject
Project("{9A19103F-16F7-4668-BE54-9A1E7A4F7556}") = "FptUni.BpHostpital.Medicine.WebApiHost", "04 BE Codes\Medicine Services\FptUni.BpHostpital.Medicine.WebApiHost\FptUni.BpHostpital.Medicine.WebApiHost.csproj", "{1286D821-9834-4102-B28D-86742BD47C18}"
EndProject
Project("{2150E333-8FDC-42A3-9474-1A3956D46DE8}") = "01 Notes", "01 Notes", "{938845AE-7064-44A0-B3F3-CAD91BE6BF65}"
	ProjectSection(SolutionItems) = preProject
		notes.txt = notes.txt
		README.md = README.md
	EndProjectSection
EndProject
Project("{2150E333-8FDC-42A3-9474-1A3956D46DE8}") = "05 Shared Libraries", "05 Shared Libraries", "{7E565D59-CEE6-4560-AA12-3BF7554DA452}"
EndProject
Global
	GlobalSection(SolutionConfigurationPlatforms) = preSolution
		Debug|Any CPU = Debug|Any CPU
		Release|Any CPU = Release|Any CPU
	EndGlobalSection
	GlobalSection(ProjectConfigurationPlatforms) = postSolution
		{B8E28178-9447-4452-9582-A8148B4189D5}.Debug|Any CPU.ActiveCfg = Debug|Any CPU
		{B8E28178-9447-4452-9582-A8148B4189D5}.Debug|Any CPU.Build.0 = Debug|Any CPU
		{B8E28178-9447-4452-9582-A8148B4189D5}.Release|Any CPU.ActiveCfg = Release|Any CPU
		{B8E28178-9447-4452-9582-A8148B4189D5}.Release|Any CPU.Build.0 = Release|Any CPU
		{A10AC18E-BD1F-4487-9DF6-1006B2945C05}.Debug|Any CPU.ActiveCfg = Debug|Any CPU
		{A10AC18E-BD1F-4487-9DF6-1006B2945C05}.Debug|Any CPU.Build.0 = Debug|Any CPU
		{A10AC18E-BD1F-4487-9DF6-1006B2945C05}.Release|Any CPU.ActiveCfg = Release|Any CPU
		{A10AC18E-BD1F-4487-9DF6-1006B2945C05}.Release|Any CPU.Build.0 = Release|Any CPU
		{246944F7-396E-48A4-8D1F-5201C2DB8FE1}.Debug|Any CPU.ActiveCfg = Debug|Any CPU
		{246944F7-396E-48A4-8D1F-5201C2DB8FE1}.Debug|Any CPU.Build.0 = Debug|Any CPU
		{246944F7-396E-48A4-8D1F-5201C2DB8FE1}.Release|Any CPU.ActiveCfg = Release|Any CPU
		{246944F7-396E-48A4-8D1F-5201C2DB8FE1}.Release|Any CPU.Build.0 = Release|Any CPU
		{878EA307-411A-4B47-9431-041AB5E703A2}.Debug|Any CPU.ActiveCfg = Debug|Any CPU
		{878EA307-411A-4B47-9431-041AB5E703A2}.Debug|Any CPU.Build.0 = Debug|Any CPU
		{878EA307-411A-4B47-9431-041AB5E703A2}.Release|Any CPU.ActiveCfg = Release|Any CPU
		{878EA307-411A-4B47-9431-041AB5E703A2}.Release|Any CPU.Build.0 = Release|Any CPU
		{D64A85DD-D65F-4B88-B670-5263E555A16A}.Debug|Any CPU.ActiveCfg = Debug|Any CPU
		{D64A85DD-D65F-4B88-B670-5263E555A16A}.Debug|Any CPU.Build.0 = Debug|Any CPU
		{D64A85DD-D65F-4B88-B670-5263E555A16A}.Release|Any CPU.ActiveCfg = Release|Any CPU
		{D64A85DD-D65F-4B88-B670-5263E555A16A}.Release|Any CPU.Build.0 = Release|Any CPU
		{01D87C90-4953-4C77-9599-D626FA16BEC8}.Debug|Any CPU.ActiveCfg = Debug|Any CPU
		{01D87C90-4953-4C77-9599-D626FA16BEC8}.Debug|Any CPU.Build.0 = Debug|Any CPU
		{01D87C90-4953-4C77-9599-D626FA16BEC8}.Release|Any CPU.ActiveCfg = Release|Any CPU
		{01D87C90-4953-4C77-9599-D626FA16BEC8}.Release|Any CPU.Build.0 = Release|Any CPU
		{7267BC10-ADFD-41B7-B20B-F6864C2866B2}.Debug|Any CPU.ActiveCfg = Debug|Any CPU
		{7267BC10-ADFD-41B7-B20B-F6864C2866B2}.Debug|Any CPU.Build.0 = Debug|Any CPU
		{7267BC10-ADFD-41B7-B20B-F6864C2866B2}.Release|Any CPU.ActiveCfg = Release|Any CPU
		{7267BC10-ADFD-41B7-B20B-F6864C2866B2}.Release|Any CPU.Build.0 = Release|Any CPU
		{E6940908-18F1-4A34-976D-3F4F1B70302A}.Debug|Any CPU.ActiveCfg = Debug|Any CPU
		{E6940908-18F1-4A34-976D-3F4F1B70302A}.Debug|Any CPU.Build.0 = Debug|Any CPU
		{E6940908-18F1-4A34-976D-3F4F1B70302A}.Release|Any CPU.ActiveCfg = Release|Any CPU
		{E6940908-18F1-4A34-976D-3F4F1B70302A}.Release|Any CPU.Build.0 = Release|Any CPU
		{649CC26C-1D28-4233-B853-28CCFC19FA84}.Debug|Any CPU.ActiveCfg = Debug|Any CPU
		{649CC26C-1D28-4233-B853-28CCFC19FA84}.Debug|Any CPU.Build.0 = Debug|Any CPU
		{649CC26C-1D28-4233-B853-28CCFC19FA84}.Release|Any CPU.ActiveCfg = Release|Any CPU
		{649CC26C-1D28-4233-B853-28CCFC19FA84}.Release|Any CPU.Build.0 = Release|Any CPU
		{E931FA59-B76F-4B20-9535-63CE5722613A}.Debug|Any CPU.ActiveCfg = Debug|Any CPU
		{E931FA59-B76F-4B20-9535-63CE5722613A}.Debug|Any CPU.Build.0 = Debug|Any CPU
		{E931FA59-B76F-4B20-9535-63CE5722613A}.Release|Any CPU.ActiveCfg = Release|Any CPU
		{E931FA59-B76F-4B20-9535-63CE5722613A}.Release|Any CPU.Build.0 = Release|Any CPU
		{21A1542E-1F63-48F6-A3E3-51FE6CED4AE2}.Debug|Any CPU.ActiveCfg = Debug|Any CPU
		{21A1542E-1F63-48F6-A3E3-51FE6CED4AE2}.Debug|Any CPU.Build.0 = Debug|Any CPU
		{21A1542E-1F63-48F6-A3E3-51FE6CED4AE2}.Release|Any CPU.ActiveCfg = Release|Any CPU
		{21A1542E-1F63-48F6-A3E3-51FE6CED4AE2}.Release|Any CPU.Build.0 = Release|Any CPU
		{CCFB789D-4C97-49A7-BEFC-0118340A031E}.Debug|Any CPU.ActiveCfg = Debug|Any CPU
		{CCFB789D-4C97-49A7-BEFC-0118340A031E}.Debug|Any CPU.Build.0 = Debug|Any CPU
		{CCFB789D-4C97-49A7-BEFC-0118340A031E}.Release|Any CPU.ActiveCfg = Release|Any CPU
		{CCFB789D-4C97-49A7-BEFC-0118340A031E}.Release|Any CPU.Build.0 = Release|Any CPU
		{E41AF4C0-9B22-4903-8D00-DE1C15888394}.Debug|Any CPU.ActiveCfg = Debug|Any CPU
		{E41AF4C0-9B22-4903-8D00-DE1C15888394}.Debug|Any CPU.Build.0 = Debug|Any CPU
		{E41AF4C0-9B22-4903-8D00-DE1C15888394}.Release|Any CPU.ActiveCfg = Release|Any CPU
		{E41AF4C0-9B22-4903-8D00-DE1C15888394}.Release|Any CPU.Build.0 = Release|Any CPU
		{D58FE1AB-4096-4D5A-8FDC-267B90D544E7}.Debug|Any CPU.ActiveCfg = Debug|Any CPU
		{D58FE1AB-4096-4D5A-8FDC-267B90D544E7}.Debug|Any CPU.Build.0 = Debug|Any CPU
		{D58FE1AB-4096-4D5A-8FDC-267B90D544E7}.Release|Any CPU.ActiveCfg = Release|Any CPU
		{D58FE1AB-4096-4D5A-8FDC-267B90D544E7}.Release|Any CPU.Build.0 = Release|Any CPU
		{B3A79E53-B658-42EE-99B2-502363CA83C0}.Debug|Any CPU.ActiveCfg = Debug|Any CPU
		{B3A79E53-B658-42EE-99B2-502363CA83C0}.Debug|Any CPU.Build.0 = Debug|Any CPU
		{B3A79E53-B658-42EE-99B2-502363CA83C0}.Release|Any CPU.ActiveCfg = Release|Any CPU
		{B3A79E53-B658-42EE-99B2-502363CA83C0}.Release|Any CPU.Build.0 = Release|Any CPU
		{730D6007-8F38-4AD8-8C5E-7CDD4668ADFB}.Debug|Any CPU.ActiveCfg = Debug|Any CPU
		{730D6007-8F38-4AD8-8C5E-7CDD4668ADFB}.Debug|Any CPU.Build.0 = Debug|Any CPU
		{730D6007-8F38-4AD8-8C5E-7CDD4668ADFB}.Release|Any CPU.ActiveCfg = Release|Any CPU
		{730D6007-8F38-4AD8-8C5E-7CDD4668ADFB}.Release|Any CPU.Build.0 = Release|Any CPU
		{5AC6C483-B3CB-46F1-9960-3CB6128679F0}.Debug|Any CPU.ActiveCfg = Debug|Any CPU
		{5AC6C483-B3CB-46F1-9960-3CB6128679F0}.Debug|Any CPU.Build.0 = Debug|Any CPU
		{5AC6C483-B3CB-46F1-9960-3CB6128679F0}.Release|Any CPU.ActiveCfg = Release|Any CPU
		{5AC6C483-B3CB-46F1-9960-3CB6128679F0}.Release|Any CPU.Build.0 = Release|Any CPU
		{A21F91A3-6F90-46E3-8B3C-1ECEFB57A81E}.Debug|Any CPU.ActiveCfg = Debug|Any CPU
		{A21F91A3-6F90-46E3-8B3C-1ECEFB57A81E}.Debug|Any CPU.Build.0 = Debug|Any CPU
		{A21F91A3-6F90-46E3-8B3C-1ECEFB57A81E}.Release|Any CPU.ActiveCfg = Release|Any CPU
		{A21F91A3-6F90-46E3-8B3C-1ECEFB57A81E}.Release|Any CPU.Build.0 = Release|Any CPU
		{C9AE4EAD-9E89-4805-9DAC-531CB2FCDA31}.Debug|Any CPU.ActiveCfg = Debug|Any CPU
		{C9AE4EAD-9E89-4805-9DAC-531CB2FCDA31}.Debug|Any CPU.Build.0 = Debug|Any CPU
		{C9AE4EAD-9E89-4805-9DAC-531CB2FCDA31}.Release|Any CPU.ActiveCfg = Release|Any CPU
		{C9AE4EAD-9E89-4805-9DAC-531CB2FCDA31}.Release|Any CPU.Build.0 = Release|Any CPU
		{1286D821-9834-4102-B28D-86742BD47C18}.Debug|Any CPU.ActiveCfg = Debug|Any CPU
		{1286D821-9834-4102-B28D-86742BD47C18}.Debug|Any CPU.Build.0 = Debug|Any CPU
		{1286D821-9834-4102-B28D-86742BD47C18}.Release|Any CPU.ActiveCfg = Release|Any CPU
		{1286D821-9834-4102-B28D-86742BD47C18}.Release|Any CPU.Build.0 = Release|Any CPU
	EndGlobalSection
	GlobalSection(SolutionProperties) = preSolution
		HideSolutionNode = FALSE
	EndGlobalSection
	GlobalSection(NestedProjects) = preSolution
		{B9560A8D-2938-409A-8743-F38F9E9693A8} = {4A130EEF-F662-44E9-9218-B4C6F0086E2B}
		{149B6EE1-DFE5-4136-9508-1C88646D73EB} = {4A130EEF-F662-44E9-9218-B4C6F0086E2B}
		{B8E28178-9447-4452-9582-A8148B4189D5} = {149B6EE1-DFE5-4136-9508-1C88646D73EB}
		{A10AC18E-BD1F-4487-9DF6-1006B2945C05} = {149B6EE1-DFE5-4136-9508-1C88646D73EB}
		{246944F7-396E-48A4-8D1F-5201C2DB8FE1} = {149B6EE1-DFE5-4136-9508-1C88646D73EB}
		{878EA307-411A-4B47-9431-041AB5E703A2} = {149B6EE1-DFE5-4136-9508-1C88646D73EB}
		{D64A85DD-D65F-4B88-B670-5263E555A16A} = {B9560A8D-2938-409A-8743-F38F9E9693A8}
		{01D87C90-4953-4C77-9599-D626FA16BEC8} = {B9560A8D-2938-409A-8743-F38F9E9693A8}
		{7267BC10-ADFD-41B7-B20B-F6864C2866B2} = {B9560A8D-2938-409A-8743-F38F9E9693A8}
		{E6940908-18F1-4A34-976D-3F4F1B70302A} = {B9560A8D-2938-409A-8743-F38F9E9693A8}
		{1145202C-5914-42B6-B84C-17A20E086637} = {D27FFF87-48F0-412F-949D-3780DAF08D2D}
		{051841A6-9EF4-4D5B-96A5-49A8463DA106} = {D27FFF87-48F0-412F-949D-3780DAF08D2D}
		{1E3B31B4-321F-43BA-B28E-A99E1B6AEF5B} = {D27FFF87-48F0-412F-949D-3780DAF08D2D}
		{5038D410-5952-40E1-8159-3F945362C040} = {D27FFF87-48F0-412F-949D-3780DAF08D2D}
		{74718DE1-13DF-4147-9698-0B5E916E5E16} = {D27FFF87-48F0-412F-949D-3780DAF08D2D}
		{649CC26C-1D28-4233-B853-28CCFC19FA84} = {1145202C-5914-42B6-B84C-17A20E086637}
		{E931FA59-B76F-4B20-9535-63CE5722613A} = {5038D410-5952-40E1-8159-3F945362C040}
		{21A1542E-1F63-48F6-A3E3-51FE6CED4AE2} = {74718DE1-13DF-4147-9698-0B5E916E5E16}
		{CCFB789D-4C97-49A7-BEFC-0118340A031E} = {051841A6-9EF4-4D5B-96A5-49A8463DA106}
		{E41AF4C0-9B22-4903-8D00-DE1C15888394} = {1E3B31B4-321F-43BA-B28E-A99E1B6AEF5B}
		{54C5470A-6364-4F0F-A310-834B3F17F795} = {4A130EEF-F662-44E9-9218-B4C6F0086E2B}
		{D58FE1AB-4096-4D5A-8FDC-267B90D544E7} = {331DCE19-F7CB-44DE-977C-AD8B9639742F}
		{B3A79E53-B658-42EE-99B2-502363CA83C0} = {7E565D59-CEE6-4560-AA12-3BF7554DA452}
		{754AC26B-0B64-402E-B3C8-1452D96AB964} = {331DCE19-F7CB-44DE-977C-AD8B9639742F}
		{730D6007-8F38-4AD8-8C5E-7CDD4668ADFB} = {754AC26B-0B64-402E-B3C8-1452D96AB964}
		{5AC6C483-B3CB-46F1-9960-3CB6128679F0} = {54C5470A-6364-4F0F-A310-834B3F17F795}
		{A21F91A3-6F90-46E3-8B3C-1ECEFB57A81E} = {54C5470A-6364-4F0F-A310-834B3F17F795}
		{C9AE4EAD-9E89-4805-9DAC-531CB2FCDA31} = {54C5470A-6364-4F0F-A310-834B3F17F795}
		{1286D821-9834-4102-B28D-86742BD47C18} = {54C5470A-6364-4F0F-A310-834B3F17F795}
	EndGlobalSection
	GlobalSection(ExtensibilityGlobals) = postSolution
		SolutionGuid = {4D265B2E-482B-427F-A27B-5F1706D2184D}
	EndGlobalSection
EndGlobal
