
Microsoft Visual Studio Solution File, Format Version 12.00
# Visual Studio Version 17
VisualStudioVersion = 17.7.34009.444
MinimumVisualStudioVersion = 10.0.40219.1
Project("{2150E333-8FDC-42A3-9474-1A3956D46DE8}") = "01 Docs", "01 Docs", "{4F339D6B-279D-4DFC-9E7A-92C26ACE5C0F}"
EndProject
Project("{2150E333-8FDC-42A3-9474-1A3956D46DE8}") = "02 Libraries", "02 Libraries", "{9D2EF201-8FEF-4189-AC3F-AB9132F8D675}"
EndProject
Project("{2150E333-8FDC-42A3-9474-1A3956D46DE8}") = "03 Databases", "03 Databases", "{1165F4F9-53F6-4DD2-B106-3094CB5CEDD2}"
EndProject
Project("{2150E333-8FDC-42A3-9474-1A3956D46DE8}") = "04 Codes", "04 Codes", "{8A64D56C-EDF1-417B-9887-C41667E4268A}"
EndProject
Project("{2150E333-8FDC-42A3-9474-1A3956D46DE8}") = "05 Hosts", "05 Hosts", "{F9C3F063-9754-42A0-AEB5-20309A025FBE}"
EndProject
Project("{2150E333-8FDC-42A3-9474-1A3956D46DE8}") = "06 Apps", "06 Apps", "{E20C2BD7-EFB6-4339-9B12-A1A4E87A9E6B}"
EndProject
Project("{2150E333-8FDC-42A3-9474-1A3956D46DE8}") = "07 Tests", "07 Tests", "{1C0C3A37-07A7-4C4D-8A34-6E4C092DCDE2}"
EndProject
Project("{2150E333-8FDC-42A3-9474-1A3956D46DE8}") = "01 Entity Providers", "01 Entity Providers", "{5A33F5A0-578A-4BC1-B848-367FF41E96D5}"
EndProject
Project("{2150E333-8FDC-42A3-9474-1A3956D46DE8}") = "02 Data Providers", "02 Data Providers", "{235C6343-8FA5-4447-873A-D9B94D08ABF9}"
EndProject
Project("{2150E333-8FDC-42A3-9474-1A3956D46DE8}") = "03 Logic Providers", "03 Logic Providers", "{A47C52EB-6F70-4FC5-AE86-5A451C8D82E4}"
EndProject
Project("{2150E333-8FDC-42A3-9474-1A3956D46DE8}") = "04 WebApi Providers", "04 WebApi Providers", "{C6EB5624-2490-4879-987E-8DE6A7268865}"
EndProject
Project("{9A19103F-16F7-4668-BE54-9A1E7A4F7556}") = "Medical.BlazorWebAssembly", "06 Apps\Medical.BlazorWebAssembly\Medical.BlazorWebAssembly.csproj", "{D2A7C8E7-A3ED-4254-8ED3-893FD68F20FF}"
EndProject
Project("{2150E333-8FDC-42A3-9474-1A3956D46DE8}") = "Platform", "Platform", "{1270299C-0A91-445E-8FBF-99A6C772C9B9}"
EndProject
Project("{2150E333-8FDC-42A3-9474-1A3956D46DE8}") = "Identity", "Identity", "{3BEAAFFD-1237-46D3-9C59-A04DB46AE3FC}"
EndProject
Project("{9A19103F-16F7-4668-BE54-9A1E7A4F7556}") = "Medical.Identity.Host", "05 Hosts\Medical.Identity.Host\Medical.Identity.Host.csproj", "{266B70D6-2D5D-427D-A870-58886194B815}"
EndProject
Project("{9A19103F-16F7-4668-BE54-9A1E7A4F7556}") = "Medical.Platform.Host", "05 Hosts\Medical.Platform.Host\Medical.Platform.Host.csproj", "{23C35730-A07C-45A8-97CF-A737A2DD4600}"
EndProject
Project("{2150E333-8FDC-42A3-9474-1A3956D46DE8}") = "HttpClient Providers", "HttpClient Providers", "{03BD8F67-7256-4F3E-9A80-EDFFE5C37DE0}"
EndProject
Project("{2150E333-8FDC-42A3-9474-1A3956D46DE8}") = "01 Entity Providers", "01 Entity Providers", "{FCE307D5-8050-4900-B7C0-9A45C40E38FD}"
EndProject
Project("{2150E333-8FDC-42A3-9474-1A3956D46DE8}") = "02 Data Providers", "02 Data Providers", "{D50A372C-524A-4C9D-8D77-2FE5C81DEC70}"
EndProject
Project("{2150E333-8FDC-42A3-9474-1A3956D46DE8}") = "03 Logic Providers", "03 Logic Providers", "{064B918E-7634-4E55-ACCD-BE43DCDF6D1C}"
EndProject
Project("{2150E333-8FDC-42A3-9474-1A3956D46DE8}") = "04 WebApi Providers", "04 WebApi Providers", "{E96A0A55-2C3C-4B6B-8B3D-3C8B4096588D}"
EndProject
Project("{9A19103F-16F7-4668-BE54-9A1E7A4F7556}") = "Medical.Platform.EntityProviders", "04 Codes\Platform\01 Entity Providers\Medical.Platform.EntityProviders\Medical.Platform.EntityProviders.csproj", "{C440E5A8-3B1E-431F-BD81-F41CF23DB878}"
EndProject
Project("{9A19103F-16F7-4668-BE54-9A1E7A4F7556}") = "Medical.Platform.DataProviders", "04 Codes\Platform\02 Data Providers\Medical.Platform.DataProviders\Medical.Platform.DataProviders.csproj", "{426725EB-6340-435E-AE0B-DEF12A6A7189}"
EndProject
Project("{9A19103F-16F7-4668-BE54-9A1E7A4F7556}") = "Medical.Platform.LogicProviders", "04 Codes\Platform\03 Logic Providers\Medical.Platform.LogicProviders\Medical.Platform.LogicProviders.csproj", "{1E10BC55-CECD-4BFB-A13D-D6D886B415F0}"
EndProject
Project("{9A19103F-16F7-4668-BE54-9A1E7A4F7556}") = "Medical.Platform.WebApiProviders", "04 Codes\Platform\04 WebApi Providers\Medical.Platform.WebApiProviders\Medical.Platform.WebApiProviders.csproj", "{5DE32EA8-22FD-4F9C-8F49-DFA65E11C72B}"
EndProject
Project("{9A19103F-16F7-4668-BE54-9A1E7A4F7556}") = "Medical.HttpClientProviders", "04 Codes\HttpClient Providers\Medical.HttpClientProviders\Medical.HttpClientProviders.csproj", "{7AAF3F5B-25F7-4993-A5C6-CB98401ABF42}"
EndProject
Project("{FAE04EC0-301F-11D3-BF4B-00C04F79EFBC}") = "Medical.Identity.EntityProviders", "04 Codes\Identity\01 Entity Providers\Medical.Identity.EntityProviders\Medical.Identity.EntityProviders.csproj", "{D809F46B-9F36-4422-BFF5-AD8AA89AAF6F}"
EndProject
Project("{FAE04EC0-301F-11D3-BF4B-00C04F79EFBC}") = "Medical.Identity.DataProviders", "04 Codes\Identity\02 Data Providers\Medical.Identity.DataProviders\Medical.Identity.DataProviders.csproj", "{4BF668AD-5A49-45CB-A121-8B5A9462D45B}"
EndProject
Project("{FAE04EC0-301F-11D3-BF4B-00C04F79EFBC}") = "Medical.Identity.LogicProviders", "04 Codes\Identity\03 Logic Providers\Medical.Identity.LogicProviders\Medical.Identity.LogicProviders.csproj", "{8CCB51B4-9353-4424-96A0-F40E63475ABC}"
EndProject
Project("{FAE04EC0-301F-11D3-BF4B-00C04F79EFBC}") = "Medical.Identity.WebApiProviders", "04 Codes\Identity\04 WebApi Providers\Medical.Identity.WebApiProviders\Medical.Identity.WebApiProviders.csproj", "{62649E20-386F-47B1-BE8E-BE5B9E8F8349}"
EndProject
Project("{2150E333-8FDC-42A3-9474-1A3956D46DE8}") = "01 Entity Providers", "01 Entity Providers", "{646EA458-5F3F-45FC-8AFB-F49026878467}"
EndProject
Project("{2150E333-8FDC-42A3-9474-1A3956D46DE8}") = "02 Data Providers", "02 Data Providers", "{BB71B3F0-98EC-4BC0-8791-C5DE666B84DC}"
EndProject
Project("{2150E333-8FDC-42A3-9474-1A3956D46DE8}") = "03 Logic Providers", "03 Logic Providers", "{8AED6CC8-57A5-4B99-AC6C-236209A7BD03}"
EndProject
Project("{2150E333-8FDC-42A3-9474-1A3956D46DE8}") = "04 WebApi Providers", "04 WebApi Providers", "{E9A46CEB-A66F-43CB-A45C-8A9A52D5CBD2}"
EndProject
Project("{2150E333-8FDC-42A3-9474-1A3956D46DE8}") = "05 HttpClient Providers", "05 HttpClient Providers", "{0685304A-4468-408E-8C34-D3FFBE0D262F}"
EndProject
Project("{FAE04EC0-301F-11D3-BF4B-00C04F79EFBC}") = "ShareLibrary.EntityProviders", "02 Libraries\01 Entity Providers\ShareLibrary.EntityProviders\ShareLibrary.EntityProviders.csproj", "{51477038-4089-4952-A30B-95B2FDA0D349}"
EndProject
Project("{FAE04EC0-301F-11D3-BF4B-00C04F79EFBC}") = "ShareLibrary.DataProviders", "02 Libraries\02 Data Providers\ShareLibrary.DataProviders\ShareLibrary.DataProviders.csproj", "{2BB4A982-CFD3-41D9-9C46-ED490AB6ED63}"
EndProject
Project("{FAE04EC0-301F-11D3-BF4B-00C04F79EFBC}") = "ShareLibrary.LogicProviders", "02 Libraries\03 Logic Providers\ShareLibrary.LogicProviders\ShareLibrary.LogicProviders.csproj", "{418268DB-F303-4817-A308-84F2674CD7A7}"
EndProject
Project("{FAE04EC0-301F-11D3-BF4B-00C04F79EFBC}") = "ShareLibrary.WebApiProviders", "02 Libraries\04 WebApi Providers\ShareLibrary.WebApiProviders\ShareLibrary.WebApiProviders.csproj", "{37E353A0-009C-4851-9BD9-B6721FEEDF73}"
EndProject
Project("{FAE04EC0-301F-11D3-BF4B-00C04F79EFBC}") = "ShareLibrary.HttpClientProviders", "02 Libraries\05 HttpClient Providers\ShareLibrary.HttpClientProviders\ShareLibrary.HttpClientProviders.csproj", "{2820F16F-63B7-4A97-B2D4-50885D445804}"
EndProject
Global
	GlobalSection(SolutionConfigurationPlatforms) = preSolution
		Debug|Any CPU = Debug|Any CPU
		Release|Any CPU = Release|Any CPU
	EndGlobalSection
	GlobalSection(ProjectConfigurationPlatforms) = postSolution
		{D2A7C8E7-A3ED-4254-8ED3-893FD68F20FF}.Debug|Any CPU.ActiveCfg = Debug|Any CPU
		{D2A7C8E7-A3ED-4254-8ED3-893FD68F20FF}.Debug|Any CPU.Build.0 = Debug|Any CPU
		{D2A7C8E7-A3ED-4254-8ED3-893FD68F20FF}.Release|Any CPU.ActiveCfg = Release|Any CPU
		{D2A7C8E7-A3ED-4254-8ED3-893FD68F20FF}.Release|Any CPU.Build.0 = Release|Any CPU
		{266B70D6-2D5D-427D-A870-58886194B815}.Debug|Any CPU.ActiveCfg = Debug|Any CPU
		{266B70D6-2D5D-427D-A870-58886194B815}.Debug|Any CPU.Build.0 = Debug|Any CPU
		{266B70D6-2D5D-427D-A870-58886194B815}.Release|Any CPU.ActiveCfg = Release|Any CPU
		{266B70D6-2D5D-427D-A870-58886194B815}.Release|Any CPU.Build.0 = Release|Any CPU
		{23C35730-A07C-45A8-97CF-A737A2DD4600}.Debug|Any CPU.ActiveCfg = Debug|Any CPU
		{23C35730-A07C-45A8-97CF-A737A2DD4600}.Debug|Any CPU.Build.0 = Debug|Any CPU
		{23C35730-A07C-45A8-97CF-A737A2DD4600}.Release|Any CPU.ActiveCfg = Release|Any CPU
		{23C35730-A07C-45A8-97CF-A737A2DD4600}.Release|Any CPU.Build.0 = Release|Any CPU
		{C440E5A8-3B1E-431F-BD81-F41CF23DB878}.Debug|Any CPU.ActiveCfg = Debug|Any CPU
		{C440E5A8-3B1E-431F-BD81-F41CF23DB878}.Debug|Any CPU.Build.0 = Debug|Any CPU
		{C440E5A8-3B1E-431F-BD81-F41CF23DB878}.Release|Any CPU.ActiveCfg = Release|Any CPU
		{C440E5A8-3B1E-431F-BD81-F41CF23DB878}.Release|Any CPU.Build.0 = Release|Any CPU
		{426725EB-6340-435E-AE0B-DEF12A6A7189}.Debug|Any CPU.ActiveCfg = Debug|Any CPU
		{426725EB-6340-435E-AE0B-DEF12A6A7189}.Debug|Any CPU.Build.0 = Debug|Any CPU
		{426725EB-6340-435E-AE0B-DEF12A6A7189}.Release|Any CPU.ActiveCfg = Release|Any CPU
		{426725EB-6340-435E-AE0B-DEF12A6A7189}.Release|Any CPU.Build.0 = Release|Any CPU
		{1E10BC55-CECD-4BFB-A13D-D6D886B415F0}.Debug|Any CPU.ActiveCfg = Debug|Any CPU
		{1E10BC55-CECD-4BFB-A13D-D6D886B415F0}.Debug|Any CPU.Build.0 = Debug|Any CPU
		{1E10BC55-CECD-4BFB-A13D-D6D886B415F0}.Release|Any CPU.ActiveCfg = Release|Any CPU
		{1E10BC55-CECD-4BFB-A13D-D6D886B415F0}.Release|Any CPU.Build.0 = Release|Any CPU
		{5DE32EA8-22FD-4F9C-8F49-DFA65E11C72B}.Debug|Any CPU.ActiveCfg = Debug|Any CPU
		{5DE32EA8-22FD-4F9C-8F49-DFA65E11C72B}.Debug|Any CPU.Build.0 = Debug|Any CPU
		{5DE32EA8-22FD-4F9C-8F49-DFA65E11C72B}.Release|Any CPU.ActiveCfg = Release|Any CPU
		{5DE32EA8-22FD-4F9C-8F49-DFA65E11C72B}.Release|Any CPU.Build.0 = Release|Any CPU
		{7AAF3F5B-25F7-4993-A5C6-CB98401ABF42}.Debug|Any CPU.ActiveCfg = Debug|Any CPU
		{7AAF3F5B-25F7-4993-A5C6-CB98401ABF42}.Debug|Any CPU.Build.0 = Debug|Any CPU
		{7AAF3F5B-25F7-4993-A5C6-CB98401ABF42}.Release|Any CPU.ActiveCfg = Release|Any CPU
		{7AAF3F5B-25F7-4993-A5C6-CB98401ABF42}.Release|Any CPU.Build.0 = Release|Any CPU
		{D809F46B-9F36-4422-BFF5-AD8AA89AAF6F}.Debug|Any CPU.ActiveCfg = Debug|Any CPU
		{D809F46B-9F36-4422-BFF5-AD8AA89AAF6F}.Debug|Any CPU.Build.0 = Debug|Any CPU
		{D809F46B-9F36-4422-BFF5-AD8AA89AAF6F}.Release|Any CPU.ActiveCfg = Release|Any CPU
		{D809F46B-9F36-4422-BFF5-AD8AA89AAF6F}.Release|Any CPU.Build.0 = Release|Any CPU
		{4BF668AD-5A49-45CB-A121-8B5A9462D45B}.Debug|Any CPU.ActiveCfg = Debug|Any CPU
		{4BF668AD-5A49-45CB-A121-8B5A9462D45B}.Debug|Any CPU.Build.0 = Debug|Any CPU
		{4BF668AD-5A49-45CB-A121-8B5A9462D45B}.Release|Any CPU.ActiveCfg = Release|Any CPU
		{4BF668AD-5A49-45CB-A121-8B5A9462D45B}.Release|Any CPU.Build.0 = Release|Any CPU
		{8CCB51B4-9353-4424-96A0-F40E63475ABC}.Debug|Any CPU.ActiveCfg = Debug|Any CPU
		{8CCB51B4-9353-4424-96A0-F40E63475ABC}.Debug|Any CPU.Build.0 = Debug|Any CPU
		{8CCB51B4-9353-4424-96A0-F40E63475ABC}.Release|Any CPU.ActiveCfg = Release|Any CPU
		{8CCB51B4-9353-4424-96A0-F40E63475ABC}.Release|Any CPU.Build.0 = Release|Any CPU
		{62649E20-386F-47B1-BE8E-BE5B9E8F8349}.Debug|Any CPU.ActiveCfg = Debug|Any CPU
		{62649E20-386F-47B1-BE8E-BE5B9E8F8349}.Debug|Any CPU.Build.0 = Debug|Any CPU
		{62649E20-386F-47B1-BE8E-BE5B9E8F8349}.Release|Any CPU.ActiveCfg = Release|Any CPU
		{62649E20-386F-47B1-BE8E-BE5B9E8F8349}.Release|Any CPU.Build.0 = Release|Any CPU
		{51477038-4089-4952-A30B-95B2FDA0D349}.Debug|Any CPU.ActiveCfg = Debug|Any CPU
		{51477038-4089-4952-A30B-95B2FDA0D349}.Debug|Any CPU.Build.0 = Debug|Any CPU
		{51477038-4089-4952-A30B-95B2FDA0D349}.Release|Any CPU.ActiveCfg = Release|Any CPU
		{51477038-4089-4952-A30B-95B2FDA0D349}.Release|Any CPU.Build.0 = Release|Any CPU
		{2BB4A982-CFD3-41D9-9C46-ED490AB6ED63}.Debug|Any CPU.ActiveCfg = Debug|Any CPU
		{2BB4A982-CFD3-41D9-9C46-ED490AB6ED63}.Debug|Any CPU.Build.0 = Debug|Any CPU
		{2BB4A982-CFD3-41D9-9C46-ED490AB6ED63}.Release|Any CPU.ActiveCfg = Release|Any CPU
		{2BB4A982-CFD3-41D9-9C46-ED490AB6ED63}.Release|Any CPU.Build.0 = Release|Any CPU
		{418268DB-F303-4817-A308-84F2674CD7A7}.Debug|Any CPU.ActiveCfg = Debug|Any CPU
		{418268DB-F303-4817-A308-84F2674CD7A7}.Debug|Any CPU.Build.0 = Debug|Any CPU
		{418268DB-F303-4817-A308-84F2674CD7A7}.Release|Any CPU.ActiveCfg = Release|Any CPU
		{418268DB-F303-4817-A308-84F2674CD7A7}.Release|Any CPU.Build.0 = Release|Any CPU
		{37E353A0-009C-4851-9BD9-B6721FEEDF73}.Debug|Any CPU.ActiveCfg = Debug|Any CPU
		{37E353A0-009C-4851-9BD9-B6721FEEDF73}.Debug|Any CPU.Build.0 = Debug|Any CPU
		{37E353A0-009C-4851-9BD9-B6721FEEDF73}.Release|Any CPU.ActiveCfg = Release|Any CPU
		{37E353A0-009C-4851-9BD9-B6721FEEDF73}.Release|Any CPU.Build.0 = Release|Any CPU
		{2820F16F-63B7-4A97-B2D4-50885D445804}.Debug|Any CPU.ActiveCfg = Debug|Any CPU
		{2820F16F-63B7-4A97-B2D4-50885D445804}.Debug|Any CPU.Build.0 = Debug|Any CPU
		{2820F16F-63B7-4A97-B2D4-50885D445804}.Release|Any CPU.ActiveCfg = Release|Any CPU
		{2820F16F-63B7-4A97-B2D4-50885D445804}.Release|Any CPU.Build.0 = Release|Any CPU
	EndGlobalSection
	GlobalSection(SolutionProperties) = preSolution
		HideSolutionNode = FALSE
	EndGlobalSection
	GlobalSection(NestedProjects) = preSolution
		{5A33F5A0-578A-4BC1-B848-367FF41E96D5} = {1270299C-0A91-445E-8FBF-99A6C772C9B9}
		{235C6343-8FA5-4447-873A-D9B94D08ABF9} = {1270299C-0A91-445E-8FBF-99A6C772C9B9}
		{A47C52EB-6F70-4FC5-AE86-5A451C8D82E4} = {1270299C-0A91-445E-8FBF-99A6C772C9B9}
		{C6EB5624-2490-4879-987E-8DE6A7268865} = {1270299C-0A91-445E-8FBF-99A6C772C9B9}
		{D2A7C8E7-A3ED-4254-8ED3-893FD68F20FF} = {E20C2BD7-EFB6-4339-9B12-A1A4E87A9E6B}
		{1270299C-0A91-445E-8FBF-99A6C772C9B9} = {8A64D56C-EDF1-417B-9887-C41667E4268A}
		{3BEAAFFD-1237-46D3-9C59-A04DB46AE3FC} = {8A64D56C-EDF1-417B-9887-C41667E4268A}
		{266B70D6-2D5D-427D-A870-58886194B815} = {F9C3F063-9754-42A0-AEB5-20309A025FBE}
		{23C35730-A07C-45A8-97CF-A737A2DD4600} = {F9C3F063-9754-42A0-AEB5-20309A025FBE}
		{03BD8F67-7256-4F3E-9A80-EDFFE5C37DE0} = {8A64D56C-EDF1-417B-9887-C41667E4268A}
		{FCE307D5-8050-4900-B7C0-9A45C40E38FD} = {3BEAAFFD-1237-46D3-9C59-A04DB46AE3FC}
		{D50A372C-524A-4C9D-8D77-2FE5C81DEC70} = {3BEAAFFD-1237-46D3-9C59-A04DB46AE3FC}
		{064B918E-7634-4E55-ACCD-BE43DCDF6D1C} = {3BEAAFFD-1237-46D3-9C59-A04DB46AE3FC}
		{E96A0A55-2C3C-4B6B-8B3D-3C8B4096588D} = {3BEAAFFD-1237-46D3-9C59-A04DB46AE3FC}
		{C440E5A8-3B1E-431F-BD81-F41CF23DB878} = {5A33F5A0-578A-4BC1-B848-367FF41E96D5}
		{426725EB-6340-435E-AE0B-DEF12A6A7189} = {235C6343-8FA5-4447-873A-D9B94D08ABF9}
		{1E10BC55-CECD-4BFB-A13D-D6D886B415F0} = {A47C52EB-6F70-4FC5-AE86-5A451C8D82E4}
		{5DE32EA8-22FD-4F9C-8F49-DFA65E11C72B} = {C6EB5624-2490-4879-987E-8DE6A7268865}
		{7AAF3F5B-25F7-4993-A5C6-CB98401ABF42} = {03BD8F67-7256-4F3E-9A80-EDFFE5C37DE0}
		{D809F46B-9F36-4422-BFF5-AD8AA89AAF6F} = {FCE307D5-8050-4900-B7C0-9A45C40E38FD}
		{4BF668AD-5A49-45CB-A121-8B5A9462D45B} = {D50A372C-524A-4C9D-8D77-2FE5C81DEC70}
		{8CCB51B4-9353-4424-96A0-F40E63475ABC} = {064B918E-7634-4E55-ACCD-BE43DCDF6D1C}
		{62649E20-386F-47B1-BE8E-BE5B9E8F8349} = {E96A0A55-2C3C-4B6B-8B3D-3C8B4096588D}
		{646EA458-5F3F-45FC-8AFB-F49026878467} = {9D2EF201-8FEF-4189-AC3F-AB9132F8D675}
		{BB71B3F0-98EC-4BC0-8791-C5DE666B84DC} = {9D2EF201-8FEF-4189-AC3F-AB9132F8D675}
		{8AED6CC8-57A5-4B99-AC6C-236209A7BD03} = {9D2EF201-8FEF-4189-AC3F-AB9132F8D675}
		{E9A46CEB-A66F-43CB-A45C-8A9A52D5CBD2} = {9D2EF201-8FEF-4189-AC3F-AB9132F8D675}
		{0685304A-4468-408E-8C34-D3FFBE0D262F} = {9D2EF201-8FEF-4189-AC3F-AB9132F8D675}
		{51477038-4089-4952-A30B-95B2FDA0D349} = {646EA458-5F3F-45FC-8AFB-F49026878467}
		{2BB4A982-CFD3-41D9-9C46-ED490AB6ED63} = {BB71B3F0-98EC-4BC0-8791-C5DE666B84DC}
		{418268DB-F303-4817-A308-84F2674CD7A7} = {8AED6CC8-57A5-4B99-AC6C-236209A7BD03}
		{37E353A0-009C-4851-9BD9-B6721FEEDF73} = {E9A46CEB-A66F-43CB-A45C-8A9A52D5CBD2}
		{2820F16F-63B7-4A97-B2D4-50885D445804} = {0685304A-4468-408E-8C34-D3FFBE0D262F}
	EndGlobalSection
	GlobalSection(ExtensibilityGlobals) = postSolution
		SolutionGuid = {4D265B2E-482B-427F-A27B-5F1706D2184D}
	EndGlobalSection
EndGlobal
